// !$*UTF8*$!
{
	archiveVersion = 1;
	classes = {
	};
	objectVersion = 46;
	objects = {

/* Begin PBXBuildFile section */
		2760F6AF1F5501060034F4C2 /* main.m in Sources */ = {isa = PBXBuildFile; fileRef = 2760F6AE1F5501060034F4C2 /* main.m */; };
		2760F6B21F5501060034F4C2 /* AppDelegate.m in Sources */ = {isa = PBXBuildFile; fileRef = 2760F6B11F5501060034F4C2 /* AppDelegate.m */; };
		2760F6B51F5501060034F4C2 /* ViewController.m in Sources */ = {isa = PBXBuildFile; fileRef = 2760F6B41F5501060034F4C2 /* ViewController.m */; };
		2760F6B81F5501060034F4C2 /* Main.storyboard in Resources */ = {isa = PBXBuildFile; fileRef = 2760F6B61F5501060034F4C2 /* Main.storyboard */; };
		2760F6BA1F5501060034F4C2 /* Assets.xcassets in Resources */ = {isa = PBXBuildFile; fileRef = 2760F6B91F5501060034F4C2 /* Assets.xcassets */; };
		2760F6BD1F5501060034F4C2 /* LaunchScreen.storyboard in Resources */ = {isa = PBXBuildFile; fileRef = 2760F6BB1F5501060034F4C2 /* LaunchScreen.storyboard */; };
		2760F6C81F5501060034F4C2 /* NSOperation___Tests.m in Sources */ = {isa = PBXBuildFile; fileRef = 2760F6C71F5501060034F4C2 /* NSOperation___Tests.m */; };
		2760F6D31F5501060034F4C2 /* NSOperation___UITests.m in Sources */ = {isa = PBXBuildFile; fileRef = 2760F6D21F5501060034F4C2 /* NSOperation___UITests.m */; };
/* End PBXBuildFile section */

/* Begin PBXContainerItemProxy section */
		2760F6C41F5501060034F4C2 /* PBXContainerItemProxy */ = {
			isa = PBXContainerItemProxy;
			containerPortal = 2760F6A21F5501060034F4C2 /* Project object */;
			proxyType = 1;
			remoteGlobalIDString = 2760F6A91F5501060034F4C2;
			remoteInfo = "NSOperation的学习";
		};
		2760F6CF1F5501060034F4C2 /* PBXContainerItemProxy */ = {
			isa = PBXContainerItemProxy;
			containerPortal = 2760F6A21F5501060034F4C2 /* Project object */;
			proxyType = 1;
			remoteGlobalIDString = 2760F6A91F5501060034F4C2;
			remoteInfo = "NSOperation的学习";
		};
/* End PBXContainerItemProxy section */

/* Begin PBXFileReference section */
		2760F6AA1F5501060034F4C2 /* NSOperation的学习.app */ = {isa = PBXFileReference; explicitFileType = wrapper.application; includeInIndex = 0; path = "NSOperation的学习.app"; sourceTree = BUILT_PRODUCTS_DIR; };
		2760F6AE1F5501060034F4C2 /* main.m */ = {isa = PBXFileReference; lastKnownFileType = sourcecode.c.objc; path = main.m; sourceTree = "<group>"; };
		2760F6B01F5501060034F4C2 /* AppDelegate.h */ = {isa = PBXFileReference; lastKnownFileType = sourcecode.c.h; path = AppDelegate.h; sourceTree = "<group>"; };
		2760F6B11F5501060034F4C2 /* AppDelegate.m */ = {isa = PBXFileReference; lastKnownFileType = sourcecode.c.objc; path = AppDelegate.m; sourceTree = "<group>"; };
		2760F6B31F5501060034F4C2 /* ViewController.h */ = {isa = PBXFileReference; lastKnownFileType = sourcecode.c.h; path = ViewController.h; sourceTree = "<group>"; };
		2760F6B41F5501060034F4C2 /* ViewController.m */ = {isa = PBXFileReference; lastKnownFileType = sourcecode.c.objc; path = ViewController.m; sourceTree = "<group>"; };
		2760F6B71F5501060034F4C2 /* Base */ = {isa = PBXFileReference; lastKnownFileType = file.storyboard; name = Base; path = Base.lproj/Main.storyboard; sourceTree = "<group>"; };
		2760F6B91F5501060034F4C2 /* Assets.xcassets */ = {isa = PBXFileReference; lastKnownFileType = folder.assetcatalog; path = Assets.xcassets; sourceTree = "<group>"; };
		2760F6BC1F5501060034F4C2 /* Base */ = {isa = PBXFileReference; lastKnownFileType = file.storyboard; name = Base; path = Base.lproj/LaunchScreen.storyboard; sourceTree = "<group>"; };
		2760F6BE1F5501060034F4C2 /* Info.plist */ = {isa = PBXFileReference; lastKnownFileType = text.plist.xml; path = Info.plist; sourceTree = "<group>"; };
		2760F6C31F5501060034F4C2 /* NSOperation的学习Tests.xctest */ = {isa = PBXFileReference; explicitFileType = wrapper.cfbundle; includeInIndex = 0; path = "NSOperation的学习Tests.xctest"; sourceTree = BUILT_PRODUCTS_DIR; };
		2760F6C71F5501060034F4C2 /* NSOperation___Tests.m */ = {isa = PBXFileReference; lastKnownFileType = sourcecode.c.objc; path = "NSOperation___Tests.m"; sourceTree = "<group>"; };
		2760F6C91F5501060034F4C2 /* Info.plist */ = {isa = PBXFileReference; lastKnownFileType = text.plist.xml; path = Info.plist; sourceTree = "<group>"; };
		2760F6CE1F5501060034F4C2 /* NSOperation的学习UITests.xctest */ = {isa = PBXFileReference; explicitFileType = wrapper.cfbundle; includeInIndex = 0; path = "NSOperation的学习UITests.xctest"; sourceTree = BUILT_PRODUCTS_DIR; };
		2760F6D21F5501060034F4C2 /* NSOperation___UITests.m */ = {isa = PBXFileReference; lastKnownFileType = sourcecode.c.objc; path = "NSOperation___UITests.m"; sourceTree = "<group>"; };
		2760F6D41F5501060034F4C2 /* Info.plist */ = {isa = PBXFileReference; lastKnownFileType = text.plist.xml; path = Info.plist; sourceTree = "<group>"; };
/* End PBXFileReference section */

/* Begin PBXFrameworksBuildPhase section */
		2760F6A71F5501060034F4C2 /* Frameworks */ = {
			isa = PBXFrameworksBuildPhase;
			buildActionMask = 2147483647;
			files = (
			);
			runOnlyForDeploymentPostprocessing = 0;
		};
		2760F6C01F5501060034F4C2 /* Frameworks */ = {
			isa = PBXFrameworksBuildPhase;
			buildActionMask = 2147483647;
			files = (
			);
			runOnlyForDeploymentPostprocessing = 0;
		};
		2760F6CB1F5501060034F4C2 /* Frameworks */ = {
			isa = PBXFrameworksBuildPhase;
			buildActionMask = 2147483647;
			files = (
			);
			runOnlyForDeploymentPostprocessing = 0;
		};
/* End PBXFrameworksBuildPhase section */

/* Begin PBXGroup section */
		2760F6A11F5501060034F4C2 = {
			isa = PBXGroup;
			children = (
				2760F6AC1F5501060034F4C2 /* NSOperation的学习 */,
				2760F6C61F5501060034F4C2 /* NSOperation的学习Tests */,
				2760F6D11F5501060034F4C2 /* NSOperation的学习UITests */,
				2760F6AB1F5501060034F4C2 /* Products */,
			);
			sourceTree = "<group>";
		};
		2760F6AB1F5501060034F4C2 /* Products */ = {
			isa = PBXGroup;
			children = (
				2760F6AA1F5501060034F4C2 /* NSOperation的学习.app */,
				2760F6C31F5501060034F4C2 /* NSOperation的学习Tests.xctest */,
				2760F6CE1F5501060034F4C2 /* NSOperation的学习UITests.xctest */,
			);
			name = Products;
			sourceTree = "<group>";
		};
		2760F6AC1F5501060034F4C2 /* NSOperation的学习 */ = {
			isa = PBXGroup;
			children = (
				2760F6B01F5501060034F4C2 /* AppDelegate.h */,
				2760F6B11F5501060034F4C2 /* AppDelegate.m */,
				2760F6B31F5501060034F4C2 /* ViewController.h */,
				2760F6B41F5501060034F4C2 /* ViewController.m */,
				2760F6B61F5501060034F4C2 /* Main.storyboard */,
				2760F6B91F5501060034F4C2 /* Assets.xcassets */,
				2760F6BB1F5501060034F4C2 /* LaunchScreen.storyboard */,
				2760F6BE1F5501060034F4C2 /* Info.plist */,
				2760F6AD1F5501060034F4C2 /* Supporting Files */,
			);
			path = "NSOperation的学习";
			sourceTree = "<group>";
		};
		2760F6AD1F5501060034F4C2 /* Supporting Files */ = {
			isa = PBXGroup;
			children = (
				2760F6AE1F5501060034F4C2 /* main.m */,
			);
			name = "Supporting Files";
			sourceTree = "<group>";
		};
		2760F6C61F5501060034F4C2 /* NSOperation的学习Tests */ = {
			isa = PBXGroup;
			children = (
				2760F6C71F5501060034F4C2 /* NSOperation___Tests.m */,
				2760F6C91F5501060034F4C2 /* Info.plist */,
			);
			path = "NSOperation的学习Tests";
			sourceTree = "<group>";
		};
		2760F6D11F5501060034F4C2 /* NSOperation的学习UITests */ = {
			isa = PBXGroup;
			children = (
				2760F6D21F5501060034F4C2 /* NSOperation___UITests.m */,
				2760F6D41F5501060034F4C2 /* Info.plist */,
			);
			path = "NSOperation的学习UITests";
			sourceTree = "<group>";
		};
/* End PBXGroup section */

/* Begin PBXNativeTarget section */
		2760F6A91F5501060034F4C2 /* NSOperation的学习 */ = {
			isa = PBXNativeTarget;
			buildConfigurationList = 2760F6D71F5501060034F4C2 /* Build configuration list for PBXNativeTarget "NSOperation的学习" */;
			buildPhases = (
				2760F6A61F5501060034F4C2 /* Sources */,
				2760F6A71F5501060034F4C2 /* Frameworks */,
				2760F6A81F5501060034F4C2 /* Resources */,
			);
			buildRules = (
			);
			dependencies = (
			);
			name = "NSOperation的学习";
			productName = "NSOperation的学习";
			productReference = 2760F6AA1F5501060034F4C2 /* NSOperation的学习.app */;
			productType = "com.apple.product-type.application";
		};
		2760F6C21F5501060034F4C2 /* NSOperation的学习Tests */ = {
			isa = PBXNativeTarget;
			buildConfigurationList = 2760F6DA1F5501060034F4C2 /* Build configuration list for PBXNativeTarget "NSOperation的学习Tests" */;
			buildPhases = (
				2760F6BF1F5501060034F4C2 /* Sources */,
				2760F6C01F5501060034F4C2 /* Frameworks */,
				2760F6C11F5501060034F4C2 /* Resources */,
			);
			buildRules = (
			);
			dependencies = (
				2760F6C51F5501060034F4C2 /* PBXTargetDependency */,
			);
			name = "NSOperation的学习Tests";
			productName = "NSOperation的学习Tests";
			productReference = 2760F6C31F5501060034F4C2 /* NSOperation的学习Tests.xctest */;
			productType = "com.apple.product-type.bundle.unit-test";
		};
		2760F6CD1F5501060034F4C2 /* NSOperation的学习UITests */ = {
			isa = PBXNativeTarget;
			buildConfigurationList = 2760F6DD1F5501060034F4C2 /* Build configuration list for PBXNativeTarget "NSOperation的学习UITests" */;
			buildPhases = (
				2760F6CA1F5501060034F4C2 /* Sources */,
				2760F6CB1F5501060034F4C2 /* Frameworks */,
				2760F6CC1F5501060034F4C2 /* Resources */,
			);
			buildRules = (
			);
			dependencies = (
				2760F6D01F5501060034F4C2 /* PBXTargetDependency */,
			);
			name = "NSOperation的学习UITests";
			productName = "NSOperation的学习UITests";
			productReference = 2760F6CE1F5501060034F4C2 /* NSOperation的学习UITests.xctest */;
			productType = "com.apple.product-type.bundle.ui-testing";
		};
/* End PBXNativeTarget section */

/* Begin PBXProject section */
		2760F6A21F5501060034F4C2 /* Project object */ = {
			isa = PBXProject;
			attributes = {
				LastUpgradeCheck = 0830;
				ORGANIZATIONNAME = Plan;
				TargetAttributes = {
					2760F6A91F5501060034F4C2 = {
						CreatedOnToolsVersion = 8.3.1;
						DevelopmentTeam = HWQF636ATC;
						ProvisioningStyle = Automatic;
					};
					2760F6C21F5501060034F4C2 = {
						CreatedOnToolsVersion = 8.3.1;
						DevelopmentTeam = HWQF636ATC;
						ProvisioningStyle = Automatic;
						TestTargetID = 2760F6A91F5501060034F4C2;
					};
					2760F6CD1F5501060034F4C2 = {
						CreatedOnToolsVersion = 8.3.1;
						DevelopmentTeam = HWQF636ATC;
						ProvisioningStyle = Automatic;
						TestTargetID = 2760F6A91F5501060034F4C2;
					};
				};
			};
			buildConfigurationList = 2760F6A51F5501060034F4C2 /* Build configuration list for PBXProject "NSOperation的学习" */;
			compatibilityVersion = "Xcode 3.2";
			developmentRegion = English;
			hasScannedForEncodings = 0;
			knownRegions = (
				en,
				Base,
			);
			mainGroup = 2760F6A11F5501060034F4C2;
			productRefGroup = 2760F6AB1F5501060034F4C2 /* Products */;
			projectDirPath = "";
			projectRoot = "";
			targets = (
				2760F6A91F5501060034F4C2 /* NSOperation的学习 */,
				2760F6C21F5501060034F4C2 /* NSOperation的学习Tests */,
				2760F6CD1F5501060034F4C2 /* NSOperation的学习UITests */,
			);
		};
/* End PBXProject section */

/* Begin PBXResourcesBuildPhase section */
		2760F6A81F5501060034F4C2 /* Resources */ = {
			isa = PBXResourcesBuildPhase;
			buildActionMask = 2147483647;
			files = (
				2760F6BD1F5501060034F4C2 /* LaunchScreen.storyboard in Resources */,
				2760F6BA1F5501060034F4C2 /* Assets.xcassets in Resources */,
				2760F6B81F5501060034F4C2 /* Main.storyboard in Resources */,
			);
			runOnlyForDeploymentPostprocessing = 0;
		};
		2760F6C11F5501060034F4C2 /* Resources */ = {
			isa = PBXResourcesBuildPhase;
			buildActionMask = 2147483647;
			files = (
			);
			runOnlyForDeploymentPostprocessing = 0;
		};
		2760F6CC1F5501060034F4C2 /* Resources */ = {
			isa = PBXResourcesBuildPhase;
			buildActionMask = 2147483647;
			files = (
			);
			runOnlyForDeploymentPostprocessing = 0;
		};
/* End PBXResourcesBuildPhase section */

/* Begin PBXSourcesBuildPhase section */
		2760F6A61F5501060034F4C2 /* Sources */ = {
			isa = PBXSourcesBuildPhase;
			buildActionMask = 2147483647;
			files = (
				2760F6B51F5501060034F4C2 /* ViewController.m in Sources */,
				2760F6B21F5501060034F4C2 /* AppDelegate.m in Sources */,
				2760F6AF1F5501060034F4C2 /* main.m in Sources */,
			);
			runOnlyForDeploymentPostprocessing = 0;
		};
		2760F6BF1F5501060034F4C2 /* Sources */ = {
			isa = PBXSourcesBuildPhase;
			buildActionMask = 2147483647;
			files = (
				2760F6C81F5501060034F4C2 /* NSOperation___Tests.m in Sources */,
			);
			runOnlyForDeploymentPostprocessing = 0;
		};
		2760F6CA1F5501060034F4C2 /* Sources */ = {
			isa = PBXSourcesBuildPhase;
			buildActionMask = 2147483647;
			files = (
				2760F6D31F5501060034F4C2 /* NSOperation___UITests.m in Sources */,
			);
			runOnlyForDeploymentPostprocessing = 0;
		};
/* End PBXSourcesBuildPhase section */

/* Begin PBXTargetDependency section */
		2760F6C51F5501060034F4C2 /* PBXTargetDependency */ = {
			isa = PBXTargetDependency;
			target = 2760F6A91F5501060034F4C2 /* NSOperation的学习 */;
			targetProxy = 2760F6C41F5501060034F4C2 /* PBXContainerItemProxy */;
		};
		2760F6D01F5501060034F4C2 /* PBXTargetDependency */ = {
			isa = PBXTargetDependency;
			target = 2760F6A91F5501060034F4C2 /* NSOperation的学习 */;
			targetProxy = 2760F6CF1F5501060034F4C2 /* PBXContainerItemProxy */;
		};
/* End PBXTargetDependency section */

/* Begin PBXVariantGroup section */
		2760F6B61F5501060034F4C2 /* Main.storyboard */ = {
			isa = PBXVariantGroup;
			children = (
				2760F6B71F5501060034F4C2 /* Base */,
			);
			name = Main.storyboard;
			sourceTree = "<group>";
		};
		2760F6BB1F5501060034F4C2 /* LaunchScreen.storyboard */ = {
			isa = PBXVariantGroup;
			children = (
				2760F6BC1F5501060034F4C2 /* Base */,
			);
			name = LaunchScreen.storyboard;
			sourceTree = "<group>";
		};
/* End PBXVariantGroup section */

/* Begin XCBuildConfiguration section */
		2760F6D51F5501060034F4C2 /* Debug */ = {
			isa = XCBuildConfiguration;
			buildSettings = {
				ALWAYS_SEARCH_USER_PATHS = NO;
				CLANG_ANALYZER_NONNULL = YES;
				CLANG_ANALYZER_NUMBER_OBJECT_CONVERSION = YES_AGGRESSIVE;
				CLANG_CXX_LANGUAGE_STANDARD = "gnu++0x";
				CLANG_CXX_LIBRARY = "libc++";
				CLANG_ENABLE_MODULES = YES;
				CLANG_ENABLE_OBJC_ARC = YES;
				CLANG_WARN_BOOL_CONVERSION = YES;
				CLANG_WARN_CONSTANT_CONVERSION = YES;
				CLANG_WARN_DIRECT_OBJC_ISA_USAGE = YES_ERROR;
				CLANG_WARN_DOCUMENTATION_COMMENTS = YES;
				CLANG_WARN_EMPTY_BODY = YES;
				CLANG_WARN_ENUM_CONVERSION = YES;
				CLANG_WARN_INFINITE_RECURSION = YES;
				CLANG_WARN_INT_CONVERSION = YES;
				CLANG_WARN_OBJC_ROOT_CLASS = YES_ERROR;
				CLANG_WARN_SUSPICIOUS_MOVE = YES;
				CLANG_WARN_UNREACHABLE_CODE = YES;
				CLANG_WARN__DUPLICATE_METHOD_MATCH = YES;
				"CODE_SIGN_IDENTITY[sdk=iphoneos*]" = "iPhone Developer";
				COPY_PHASE_STRIP = NO;
				DEBUG_INFORMATION_FORMAT = dwarf;
				ENABLE_STRICT_OBJC_MSGSEND = YES;
				ENABLE_TESTABILITY = YES;
				GCC_C_LANGUAGE_STANDARD = gnu99;
				GCC_DYNAMIC_NO_PIC = NO;
				GCC_NO_COMMON_BLOCKS = YES;
				GCC_OPTIMIZATION_LEVEL = 0;
				GCC_PREPROCESSOR_DEFINITIONS = (
					"DEBUG=1",
					"$(inherited)",
				);
				GCC_WARN_64_TO_32_BIT_CONVERSION = YES;
				GCC_WARN_ABOUT_RETURN_TYPE = YES_ERROR;
				GCC_WARN_UNDECLARED_SELECTOR = YES;
				GCC_WARN_UNINITIALIZED_AUTOS = YES_AGGRESSIVE;
				GCC_WARN_UNUSED_FUNCTION = YES;
				GCC_WARN_UNUSED_VARIABLE = YES;
				IPHONEOS_DEPLOYMENT_TARGET = 10.3;
				MTL_ENABLE_DEBUG_INFO = YES;
				ONLY_ACTIVE_ARCH = YES;
				SDKROOT = iphoneos;
				TARGETED_DEVICE_FAMILY = "1,2";
			};
			name = Debug;
		};
		2760F6D61F5501060034F4C2 /* Release */ = {
			isa = XCBuildConfiguration;
			buildSettings = {
				ALWAYS_SEARCH_USER_PATHS = NO;
				CLANG_ANALYZER_NONNULL = YES;
				CLANG_ANALYZER_NUMBER_OBJECT_CONVERSION = YES_AGGRESSIVE;
				CLANG_CXX_LANGUAGE_STANDARD = "gnu++0x";
				CLANG_CXX_LIBRARY = "libc++";
				CLANG_ENABLE_MODULES = YES;
				CLANG_ENABLE_OBJC_ARC = YES;
				CLANG_WARN_BOOL_CONVERSION = YES;
				CLANG_WARN_CONSTANT_CONVERSION = YES;
				CLANG_WARN_DIRECT_OBJC_ISA_USAGE = YES_ERROR;
				CLANG_WARN_DOCUMENTATION_COMMENTS = YES;
				CLANG_WARN_EMPTY_BODY = YES;
				CLANG_WARN_ENUM_CONVERSION = YES;
				CLANG_WARN_INFINITE_RECURSION = YES;
				CLANG_WARN_INT_CONVERSION = YES;
				CLANG_WARN_OBJC_ROOT_CLASS = YES_ERROR;
				CLANG_WARN_SUSPICIOUS_MOVE = YES;
				CLANG_WARN_UNREACHABLE_CODE = YES;
				CLANG_WARN__DUPLICATE_METHOD_MATCH = YES;
				"CODE_SIGN_IDENTITY[sdk=iphoneos*]" = "iPhone Developer";
				COPY_PHASE_STRIP = NO;
				DEBUG_INFORMATION_FORMAT = "dwarf-with-dsym";
				ENABLE_NS_ASSERTIONS = NO;
				ENABLE_STRICT_OBJC_MSGSEND = YES;
				GCC_C_LANGUAGE_STANDARD = gnu99;
				GCC_NO_COMMON_BLOCKS = YES;
				GCC_WARN_64_TO_32_BIT_CONVERSION = YES;
				GCC_WARN_ABOUT_RETURN_TYPE = YES_ERROR;
				GCC_WARN_UNDECLARED_SELECTOR = YES;
				GCC_WARN_UNINITIALIZED_AUTOS = YES_AGGRESSIVE;
				GCC_WARN_UNUSED_FUNCTION = YES;
				GCC_WARN_UNUSED_VARIABLE = YES;
				IPHONEOS_DEPLOYMENT_TARGET = 10.3;
				MTL_ENABLE_DEBUG_INFO = NO;
				SDKROOT = iphoneos;
				TARGETED_DEVICE_FAMILY = "1,2";
				VALIDATE_PRODUCT = YES;
			};
			name = Release;
		};
		2760F6D81F5501060034F4C2 /* Debug */ = {
			isa = XCBuildConfiguration;
			buildSettings = {
				ASSETCATALOG_COMPILER_APPICON_NAME = AppIcon;
				DEVELOPMENT_TEAM = HWQF636ATC;
				INFOPLIST_FILE = "NSOperation的学习/Info.plist";
				LD_RUNPATH_SEARCH_PATHS = "$(inherited) @executable_path/Frameworks";
				PRODUCT_BUNDLE_IDENTIFIER = "com.Plan.NSOperation---";
				PRODUCT_NAME = "$(TARGET_NAME)";
			};
			name = Debug;
		};
		2760F6D91F5501060034F4C2 /* Release */ = {
			isa = XCBuildConfiguration;
			buildSettings = {
				ASSETCATALOG_COMPILER_APPICON_NAME = AppIcon;
				DEVELOPMENT_TEAM = HWQF636ATC;
				INFOPLIST_FILE = "NSOperation的学习/Info.plist";
				LD_RUNPATH_SEARCH_PATHS = "$(inherited) @executable_path/Frameworks";
				PRODUCT_BUNDLE_IDENTIFIER = "com.Plan.NSOperation---";
				PRODUCT_NAME = "$(TARGET_NAME)";
			};
			name = Release;
		};
		2760F6DB1F5501060034F4C2 /* Debug */ = {
			isa = XCBuildConfiguration;
			buildSettings = {
				BUNDLE_LOADER = "$(TEST_HOST)";
				DEVELOPMENT_TEAM = HWQF636ATC;
				INFOPLIST_FILE = "NSOperation的学习Tests/Info.plist";
				LD_RUNPATH_SEARCH_PATHS = "$(inherited) @executable_path/Frameworks @loader_path/Frameworks";
				PRODUCT_BUNDLE_IDENTIFIER = "com.Plan.NSOperation---Tests";
				PRODUCT_NAME = "$(TARGET_NAME)";
				TEST_HOST = "$(BUILT_PRODUCTS_DIR)/NSOperation的学习.app/NSOperation的学习";
			};
			name = Debug;
		};
		2760F6DC1F5501060034F4C2 /* Release */ = {
			isa = XCBuildConfiguration;
			buildSettings = {
				BUNDLE_LOADER = "$(TEST_HOST)";
				DEVELOPMENT_TEAM = HWQF636ATC;
				INFOPLIST_FILE = "NSOperation的学习Tests/Info.plist";
				LD_RUNPATH_SEARCH_PATHS = "$(inherited) @executable_path/Frameworks @loader_path/Frameworks";
				PRODUCT_BUNDLE_IDENTIFIER = "com.Plan.NSOperation---Tests";
				PRODUCT_NAME = "$(TARGET_NAME)";
				TEST_HOST = "$(BUILT_PRODUCTS_DIR)/NSOperation的学习.app/NSOperation的学习";
			};
			name = Release;
		};
		2760F6DE1F5501060034F4C2 /* Debug */ = {
			isa = XCBuildConfiguration;
			buildSettings = {
				DEVELOPMENT_TEAM = HWQF636ATC;
				INFOPLIST_FILE = "NSOperation的学习UITests/Info.plist";
				LD_RUNPATH_SEARCH_PATHS = "$(inherited) @executable_path/Frameworks @loader_path/Frameworks";
				PRODUCT_BUNDLE_IDENTIFIER = "com.Plan.NSOperation---UITests";
				PRODUCT_NAME = "$(TARGET_NAME)";
				TEST_TARGET_NAME = "NSOperation的学习";
			};
			name = Debug;
		};
		2760F6DF1F5501060034F4C2 /* Release */ = {
			isa = XCBuildConfiguration;
			buildSettings = {
				DEVELOPMENT_TEAM = HWQF636ATC;
				INFOPLIST_FILE = "NSOperation的学习UITests/Info.plist";
				LD_RUNPATH_SEARCH_PATHS = "$(inherited) @executable_path/Frameworks @loader_path/Frameworks";
				PRODUCT_BUNDLE_IDENTIFIER = "com.Plan.NSOperation---UITests";
				PRODUCT_NAME = "$(TARGET_NAME)";
				TEST_TARGET_NAME = "NSOperation的学习";
			};
			name = Release;
		};
/* End XCBuildConfiguration section */

/* Begin XCConfigurationList section */
		2760F6A51F5501060034F4C2 /* Build configuration list for PBXProject "NSOperation的学习" */ = {
			isa = XCConfigurationList;
			buildConfigurations = (
				2760F6D51F5501060034F4C2 /* Debug */,
				2760F6D61F5501060034F4C2 /* Release */,
			);
			defaultConfigurationIsVisible = 0;
			defaultConfigurationName = Release;
		};
		2760F6D71F5501060034F4C2 /* Build configuration list for PBXNativeTarget "NSOperation的学习" */ = {
			isa = XCConfigurationList;
			buildConfigurations = (
				2760F6D81F5501060034F4C2 /* Debug */,
				2760F6D91F5501060034F4C2 /* Release */,
			);
			defaultConfigurationIsVisible = 0;
		};
		2760F6DA1F5501060034F4C2 /* Build configuration list for PBXNativeTarget "NSOperation的学习Tests" */ = {
			isa = XCConfigurationList;
			buildConfigurations = (
				2760F6DB1F5501060034F4C2 /* Debug */,
				2760F6DC1F5501060034F4C2 /* Release */,
			);
			defaultConfigurationIsVisible = 0;
		};
		2760F6DD1F5501060034F4C2 /* Build configuration list for PBXNativeTarget "NSOperation的学习UITests" */ = {
			isa = XCConfigurationList;
			buildConfigurations = (
				2760F6DE1F5501060034F4C2 /* Debug */,
				2760F6DF1F5501060034F4C2 /* Release */,
			);
			defaultConfigurationIsVisible = 0;
		};
/* End XCConfigurationList section */
	};
	rootObject = 2760F6A21F5501060034F4C2 /* Project object */;
}
