// !$*UTF8*$!
{
	archiveVersion = 1;
	classes = {
	};
	objectVersion = 46;
	objects = {

/* Begin PBXBuildFile section */
		27CBB4BE1E6F8E300026DD9C /* main.m in Sources */ = {isa = PBXBuildFile; fileRef = 27CBB4BD1E6F8E300026DD9C /* main.m */; };
		27CBB4C11E6F8E300026DD9C /* AppDelegate.m in Sources */ = {isa = PBXBuildFile; fileRef = 27CBB4C01E6F8E300026DD9C /* AppDelegate.m */; };
		27CBB4C41E6F8E300026DD9C /* ViewController.m in Sources */ = {isa = PBXBuildFile; fileRef = 27CBB4C31E6F8E300026DD9C /* ViewController.m */; };
		27CBB4C71E6F8E300026DD9C /* Main.storyboard in Resources */ = {isa = PBXBuildFile; fileRef = 27CBB4C51E6F8E300026DD9C /* Main.storyboard */; };
		27CBB4C91E6F8E300026DD9C /* Assets.xcassets in Resources */ = {isa = PBXBuildFile; fileRef = 27CBB4C81E6F8E300026DD9C /* Assets.xcassets */; };
		27CBB4CC1E6F8E300026DD9C /* LaunchScreen.storyboard in Resources */ = {isa = PBXBuildFile; fileRef = 27CBB4CA1E6F8E300026DD9C /* LaunchScreen.storyboard */; };
		27CBB4D71E6F8E300026DD9C /* GCD___Tests.m in Sources */ = {isa = PBXBuildFile; fileRef = 27CBB4D61E6F8E300026DD9C /* GCD___Tests.m */; };
		27CBB4E21E6F8E300026DD9C /* GCD___UITests.m in Sources */ = {isa = PBXBuildFile; fileRef = 27CBB4E11E6F8E300026DD9C /* GCD___UITests.m */; };
/* End PBXBuildFile section */

/* Begin PBXContainerItemProxy section */
		27CBB4D31E6F8E300026DD9C /* PBXContainerItemProxy */ = {
			isa = PBXContainerItemProxy;
			containerPortal = 27CBB4B11E6F8E2F0026DD9C /* Project object */;
			proxyType = 1;
			remoteGlobalIDString = 27CBB4B81E6F8E2F0026DD9C;
			remoteInfo = "GCD的使用";
		};
		27CBB4DE1E6F8E300026DD9C /* PBXContainerItemProxy */ = {
			isa = PBXContainerItemProxy;
			containerPortal = 27CBB4B11E6F8E2F0026DD9C /* Project object */;
			proxyType = 1;
			remoteGlobalIDString = 27CBB4B81E6F8E2F0026DD9C;
			remoteInfo = "GCD的使用";
		};
/* End PBXContainerItemProxy section */

/* Begin PBXFileReference section */
		27CBB4B91E6F8E300026DD9C /* GCD的使用.app */ = {isa = PBXFileReference; explicitFileType = wrapper.application; includeInIndex = 0; path = "GCD的使用.app"; sourceTree = BUILT_PRODUCTS_DIR; };
		27CBB4BD1E6F8E300026DD9C /* main.m */ = {isa = PBXFileReference; lastKnownFileType = sourcecode.c.objc; path = main.m; sourceTree = "<group>"; };
		27CBB4BF1E6F8E300026DD9C /* AppDelegate.h */ = {isa = PBXFileReference; lastKnownFileType = sourcecode.c.h; path = AppDelegate.h; sourceTree = "<group>"; };
		27CBB4C01E6F8E300026DD9C /* AppDelegate.m */ = {isa = PBXFileReference; lastKnownFileType = sourcecode.c.objc; path = AppDelegate.m; sourceTree = "<group>"; };
		27CBB4C21E6F8E300026DD9C /* ViewController.h */ = {isa = PBXFileReference; lastKnownFileType = sourcecode.c.h; path = ViewController.h; sourceTree = "<group>"; };
		27CBB4C31E6F8E300026DD9C /* ViewController.m */ = {isa = PBXFileReference; lastKnownFileType = sourcecode.c.objc; path = ViewController.m; sourceTree = "<group>"; };
		27CBB4C61E6F8E300026DD9C /* Base */ = {isa = PBXFileReference; lastKnownFileType = file.storyboard; name = Base; path = Base.lproj/Main.storyboard; sourceTree = "<group>"; };
		27CBB4C81E6F8E300026DD9C /* Assets.xcassets */ = {isa = PBXFileReference; lastKnownFileType = folder.assetcatalog; path = Assets.xcassets; sourceTree = "<group>"; };
		27CBB4CB1E6F8E300026DD9C /* Base */ = {isa = PBXFileReference; lastKnownFileType = file.storyboard; name = Base; path = Base.lproj/LaunchScreen.storyboard; sourceTree = "<group>"; };
		27CBB4CD1E6F8E300026DD9C /* Info.plist */ = {isa = PBXFileReference; lastKnownFileType = text.plist.xml; path = Info.plist; sourceTree = "<group>"; };
		27CBB4D21E6F8E300026DD9C /* GCD的使用Tests.xctest */ = {isa = PBXFileReference; explicitFileType = wrapper.cfbundle; includeInIndex = 0; path = "GCD的使用Tests.xctest"; sourceTree = BUILT_PRODUCTS_DIR; };
		27CBB4D61E6F8E300026DD9C /* GCD___Tests.m */ = {isa = PBXFileReference; lastKnownFileType = sourcecode.c.objc; path = "GCD___Tests.m"; sourceTree = "<group>"; };
		27CBB4D81E6F8E300026DD9C /* Info.plist */ = {isa = PBXFileReference; lastKnownFileType = text.plist.xml; path = Info.plist; sourceTree = "<group>"; };
		27CBB4DD1E6F8E300026DD9C /* GCD的使用UITests.xctest */ = {isa = PBXFileReference; explicitFileType = wrapper.cfbundle; includeInIndex = 0; path = "GCD的使用UITests.xctest"; sourceTree = BUILT_PRODUCTS_DIR; };
		27CBB4E11E6F8E300026DD9C /* GCD___UITests.m */ = {isa = PBXFileReference; lastKnownFileType = sourcecode.c.objc; path = "GCD___UITests.m"; sourceTree = "<group>"; };
		27CBB4E31E6F8E300026DD9C /* Info.plist */ = {isa = PBXFileReference; lastKnownFileType = text.plist.xml; path = Info.plist; sourceTree = "<group>"; };
/* End PBXFileReference section */

/* Begin PBXFrameworksBuildPhase section */
		27CBB4B61E6F8E2F0026DD9C /* Frameworks */ = {
			isa = PBXFrameworksBuildPhase;
			buildActionMask = 2147483647;
			files = (
			);
			runOnlyForDeploymentPostprocessing = 0;
		};
		27CBB4CF1E6F8E300026DD9C /* Frameworks */ = {
			isa = PBXFrameworksBuildPhase;
			buildActionMask = 2147483647;
			files = (
			);
			runOnlyForDeploymentPostprocessing = 0;
		};
		27CBB4DA1E6F8E300026DD9C /* Frameworks */ = {
			isa = PBXFrameworksBuildPhase;
			buildActionMask = 2147483647;
			files = (
			);
			runOnlyForDeploymentPostprocessing = 0;
		};
/* End PBXFrameworksBuildPhase section */

/* Begin PBXGroup section */
		27CBB4B01E6F8E2F0026DD9C = {
			isa = PBXGroup;
			children = (
				27CBB4BB1E6F8E300026DD9C /* GCD的使用 */,
				27CBB4D51E6F8E300026DD9C /* GCD的使用Tests */,
				27CBB4E01E6F8E300026DD9C /* GCD的使用UITests */,
				27CBB4BA1E6F8E300026DD9C /* Products */,
			);
			sourceTree = "<group>";
		};
		27CBB4BA1E6F8E300026DD9C /* Products */ = {
			isa = PBXGroup;
			children = (
				27CBB4B91E6F8E300026DD9C /* GCD的使用.app */,
				27CBB4D21E6F8E300026DD9C /* GCD的使用Tests.xctest */,
				27CBB4DD1E6F8E300026DD9C /* GCD的使用UITests.xctest */,
			);
			name = Products;
			sourceTree = "<group>";
		};
		27CBB4BB1E6F8E300026DD9C /* GCD的使用 */ = {
			isa = PBXGroup;
			children = (
				27CBB4BF1E6F8E300026DD9C /* AppDelegate.h */,
				27CBB4C01E6F8E300026DD9C /* AppDelegate.m */,
				27CBB4C21E6F8E300026DD9C /* ViewController.h */,
				27CBB4C31E6F8E300026DD9C /* ViewController.m */,
				27CBB4C51E6F8E300026DD9C /* Main.storyboard */,
				27CBB4C81E6F8E300026DD9C /* Assets.xcassets */,
				27CBB4CA1E6F8E300026DD9C /* LaunchScreen.storyboard */,
				27CBB4CD1E6F8E300026DD9C /* Info.plist */,
				27CBB4BC1E6F8E300026DD9C /* Supporting Files */,
			);
			path = "GCD的使用";
			sourceTree = "<group>";
		};
		27CBB4BC1E6F8E300026DD9C /* Supporting Files */ = {
			isa = PBXGroup;
			children = (
				27CBB4BD1E6F8E300026DD9C /* main.m */,
			);
			name = "Supporting Files";
			sourceTree = "<group>";
		};
		27CBB4D51E6F8E300026DD9C /* GCD的使用Tests */ = {
			isa = PBXGroup;
			children = (
				27CBB4D61E6F8E300026DD9C /* GCD___Tests.m */,
				27CBB4D81E6F8E300026DD9C /* Info.plist */,
			);
			path = "GCD的使用Tests";
			sourceTree = "<group>";
		};
		27CBB4E01E6F8E300026DD9C /* GCD的使用UITests */ = {
			isa = PBXGroup;
			children = (
				27CBB4E11E6F8E300026DD9C /* GCD___UITests.m */,
				27CBB4E31E6F8E300026DD9C /* Info.plist */,
			);
			path = "GCD的使用UITests";
			sourceTree = "<group>";
		};
/* End PBXGroup section */

/* Begin PBXNativeTarget section */
		27CBB4B81E6F8E2F0026DD9C /* GCD的使用 */ = {
			isa = PBXNativeTarget;
			buildConfigurationList = 27CBB4E61E6F8E300026DD9C /* Build configuration list for PBXNativeTarget "GCD的使用" */;
			buildPhases = (
				27CBB4B51E6F8E2F0026DD9C /* Sources */,
				27CBB4B61E6F8E2F0026DD9C /* Frameworks */,
				27CBB4B71E6F8E2F0026DD9C /* Resources */,
			);
			buildRules = (
			);
			dependencies = (
			);
			name = "GCD的使用";
			productName = "GCD的使用";
			productReference = 27CBB4B91E6F8E300026DD9C /* GCD的使用.app */;
			productType = "com.apple.product-type.application";
		};
		27CBB4D11E6F8E300026DD9C /* GCD的使用Tests */ = {
			isa = PBXNativeTarget;
			buildConfigurationList = 27CBB4E91E6F8E300026DD9C /* Build configuration list for PBXNativeTarget "GCD的使用Tests" */;
			buildPhases = (
				27CBB4CE1E6F8E300026DD9C /* Sources */,
				27CBB4CF1E6F8E300026DD9C /* Frameworks */,
				27CBB4D01E6F8E300026DD9C /* Resources */,
			);
			buildRules = (
			);
			dependencies = (
				27CBB4D41E6F8E300026DD9C /* PBXTargetDependency */,
			);
			name = "GCD的使用Tests";
			productName = "GCD的使用Tests";
			productReference = 27CBB4D21E6F8E300026DD9C /* GCD的使用Tests.xctest */;
			productType = "com.apple.product-type.bundle.unit-test";
		};
		27CBB4DC1E6F8E300026DD9C /* GCD的使用UITests */ = {
			isa = PBXNativeTarget;
			buildConfigurationList = 27CBB4EC1E6F8E300026DD9C /* Build configuration list for PBXNativeTarget "GCD的使用UITests" */;
			buildPhases = (
				27CBB4D91E6F8E300026DD9C /* Sources */,
				27CBB4DA1E6F8E300026DD9C /* Frameworks */,
				27CBB4DB1E6F8E300026DD9C /* Resources */,
			);
			buildRules = (
			);
			dependencies = (
				27CBB4DF1E6F8E300026DD9C /* PBXTargetDependency */,
			);
			name = "GCD的使用UITests";
			productName = "GCD的使用UITests";
			productReference = 27CBB4DD1E6F8E300026DD9C /* GCD的使用UITests.xctest */;
			productType = "com.apple.product-type.bundle.ui-testing";
		};
/* End PBXNativeTarget section */

/* Begin PBXProject section */
		27CBB4B11E6F8E2F0026DD9C /* Project object */ = {
			isa = PBXProject;
			attributes = {
				LastUpgradeCheck = 0820;
				ORGANIZATIONNAME = Plan;
				TargetAttributes = {
					27CBB4B81E6F8E2F0026DD9C = {
						CreatedOnToolsVersion = 8.2.1;
						DevelopmentTeam = HWQF636ATC;
						ProvisioningStyle = Automatic;
					};
					27CBB4D11E6F8E300026DD9C = {
						CreatedOnToolsVersion = 8.2.1;
						DevelopmentTeam = HWQF636ATC;
						ProvisioningStyle = Automatic;
						TestTargetID = 27CBB4B81E6F8E2F0026DD9C;
					};
					27CBB4DC1E6F8E300026DD9C = {
						CreatedOnToolsVersion = 8.2.1;
						DevelopmentTeam = HWQF636ATC;
						ProvisioningStyle = Automatic;
						TestTargetID = 27CBB4B81E6F8E2F0026DD9C;
					};
				};
			};
			buildConfigurationList = 27CBB4B41E6F8E2F0026DD9C /* Build configuration list for PBXProject "GCD的使用" */;
			compatibilityVersion = "Xcode 3.2";
			developmentRegion = English;
			hasScannedForEncodings = 0;
			knownRegions = (
				en,
				Base,
			);
			mainGroup = 27CBB4B01E6F8E2F0026DD9C;
			productRefGroup = 27CBB4BA1E6F8E300026DD9C /* Products */;
			projectDirPath = "";
			projectRoot = "";
			targets = (
				27CBB4B81E6F8E2F0026DD9C /* GCD的使用 */,
				27CBB4D11E6F8E300026DD9C /* GCD的使用Tests */,
				27CBB4DC1E6F8E300026DD9C /* GCD的使用UITests */,
			);
		};
/* End PBXProject section */

/* Begin PBXResourcesBuildPhase section */
		27CBB4B71E6F8E2F0026DD9C /* Resources */ = {
			isa = PBXResourcesBuildPhase;
			buildActionMask = 2147483647;
			files = (
				27CBB4CC1E6F8E300026DD9C /* LaunchScreen.storyboard in Resources */,
				27CBB4C91E6F8E300026DD9C /* Assets.xcassets in Resources */,
				27CBB4C71E6F8E300026DD9C /* Main.storyboard in Resources */,
			);
			runOnlyForDeploymentPostprocessing = 0;
		};
		27CBB4D01E6F8E300026DD9C /* Resources */ = {
			isa = PBXResourcesBuildPhase;
			buildActionMask = 2147483647;
			files = (
			);
			runOnlyForDeploymentPostprocessing = 0;
		};
		27CBB4DB1E6F8E300026DD9C /* Resources */ = {
			isa = PBXResourcesBuildPhase;
			buildActionMask = 2147483647;
			files = (
			);
			runOnlyForDeploymentPostprocessing = 0;
		};
/* End PBXResourcesBuildPhase section */

/* Begin PBXSourcesBuildPhase section */
		27CBB4B51E6F8E2F0026DD9C /* Sources */ = {
			isa = PBXSourcesBuildPhase;
			buildActionMask = 2147483647;
			files = (
				27CBB4C41E6F8E300026DD9C /* ViewController.m in Sources */,
				27CBB4C11E6F8E300026DD9C /* AppDelegate.m in Sources */,
				27CBB4BE1E6F8E300026DD9C /* main.m in Sources */,
			);
			runOnlyForDeploymentPostprocessing = 0;
		};
		27CBB4CE1E6F8E300026DD9C /* Sources */ = {
			isa = PBXSourcesBuildPhase;
			buildActionMask = 2147483647;
			files = (
				27CBB4D71E6F8E300026DD9C /* GCD___Tests.m in Sources */,
			);
			runOnlyForDeploymentPostprocessing = 0;
		};
		27CBB4D91E6F8E300026DD9C /* Sources */ = {
			isa = PBXSourcesBuildPhase;
			buildActionMask = 2147483647;
			files = (
				27CBB4E21E6F8E300026DD9C /* GCD___UITests.m in Sources */,
			);
			runOnlyForDeploymentPostprocessing = 0;
		};
/* End PBXSourcesBuildPhase section */

/* Begin PBXTargetDependency section */
		27CBB4D41E6F8E300026DD9C /* PBXTargetDependency */ = {
			isa = PBXTargetDependency;
			target = 27CBB4B81E6F8E2F0026DD9C /* GCD的使用 */;
			targetProxy = 27CBB4D31E6F8E300026DD9C /* PBXContainerItemProxy */;
		};
		27CBB4DF1E6F8E300026DD9C /* PBXTargetDependency */ = {
			isa = PBXTargetDependency;
			target = 27CBB4B81E6F8E2F0026DD9C /* GCD的使用 */;
			targetProxy = 27CBB4DE1E6F8E300026DD9C /* PBXContainerItemProxy */;
		};
/* End PBXTargetDependency section */

/* Begin PBXVariantGroup section */
		27CBB4C51E6F8E300026DD9C /* Main.storyboard */ = {
			isa = PBXVariantGroup;
			children = (
				27CBB4C61E6F8E300026DD9C /* Base */,
			);
			name = Main.storyboard;
			sourceTree = "<group>";
		};
		27CBB4CA1E6F8E300026DD9C /* LaunchScreen.storyboard */ = {
			isa = PBXVariantGroup;
			children = (
				27CBB4CB1E6F8E300026DD9C /* Base */,
			);
			name = LaunchScreen.storyboard;
			sourceTree = "<group>";
		};
/* End PBXVariantGroup section */

/* Begin XCBuildConfiguration section */
		27CBB4E41E6F8E300026DD9C /* Debug */ = {
			isa = XCBuildConfiguration;
			buildSettings = {
				ALWAYS_SEARCH_USER_PATHS = NO;
				CLANG_ANALYZER_NONNULL = YES;
				CLANG_CXX_LANGUAGE_STANDARD = "gnu++0x";
				CLANG_CXX_LIBRARY = "libc++";
				CLANG_ENABLE_MODULES = YES;
				CLANG_ENABLE_OBJC_ARC = YES;
				CLANG_WARN_BOOL_CONVERSION = YES;
				CLANG_WARN_CONSTANT_CONVERSION = YES;
				CLANG_WARN_DIRECT_OBJC_ISA_USAGE = YES_ERROR;
				CLANG_WARN_DOCUMENTATION_COMMENTS = YES;
				CLANG_WARN_EMPTY_BODY = YES;
				CLANG_WARN_ENUM_CONVERSION = YES;
				CLANG_WARN_INFINITE_RECURSION = YES;
				CLANG_WARN_INT_CONVERSION = YES;
				CLANG_WARN_OBJC_ROOT_CLASS = YES_ERROR;
				CLANG_WARN_SUSPICIOUS_MOVE = YES;
				CLANG_WARN_UNREACHABLE_CODE = YES;
				CLANG_WARN__DUPLICATE_METHOD_MATCH = YES;
				"CODE_SIGN_IDENTITY[sdk=iphoneos*]" = "iPhone Developer";
				COPY_PHASE_STRIP = NO;
				DEBUG_INFORMATION_FORMAT = dwarf;
				ENABLE_STRICT_OBJC_MSGSEND = YES;
				ENABLE_TESTABILITY = YES;
				GCC_C_LANGUAGE_STANDARD = gnu99;
				GCC_DYNAMIC_NO_PIC = NO;
				GCC_NO_COMMON_BLOCKS = YES;
				GCC_OPTIMIZATION_LEVEL = 0;
				GCC_PREPROCESSOR_DEFINITIONS = (
					"DEBUG=1",
					"$(inherited)",
				);
				GCC_WARN_64_TO_32_BIT_CONVERSION = YES;
				GCC_WARN_ABOUT_RETURN_TYPE = YES_ERROR;
				GCC_WARN_UNDECLARED_SELECTOR = YES;
				GCC_WARN_UNINITIALIZED_AUTOS = YES_AGGRESSIVE;
				GCC_WARN_UNUSED_FUNCTION = YES;
				GCC_WARN_UNUSED_VARIABLE = YES;
				IPHONEOS_DEPLOYMENT_TARGET = 10.2;
				MTL_ENABLE_DEBUG_INFO = YES;
				ONLY_ACTIVE_ARCH = YES;
				SDKROOT = iphoneos;
				TARGETED_DEVICE_FAMILY = "1,2";
			};
			name = Debug;
		};
		27CBB4E51E6F8E300026DD9C /* Release */ = {
			isa = XCBuildConfiguration;
			buildSettings = {
				ALWAYS_SEARCH_USER_PATHS = NO;
				CLANG_ANALYZER_NONNULL = YES;
				CLANG_CXX_LANGUAGE_STANDARD = "gnu++0x";
				CLANG_CXX_LIBRARY = "libc++";
				CLANG_ENABLE_MODULES = YES;
				CLANG_ENABLE_OBJC_ARC = YES;
				CLANG_WARN_BOOL_CONVERSION = YES;
				CLANG_WARN_CONSTANT_CONVERSION = YES;
				CLANG_WARN_DIRECT_OBJC_ISA_USAGE = YES_ERROR;
				CLANG_WARN_DOCUMENTATION_COMMENTS = YES;
				CLANG_WARN_EMPTY_BODY = YES;
				CLANG_WARN_ENUM_CONVERSION = YES;
				CLANG_WARN_INFINITE_RECURSION = YES;
				CLANG_WARN_INT_CONVERSION = YES;
				CLANG_WARN_OBJC_ROOT_CLASS = YES_ERROR;
				CLANG_WARN_SUSPICIOUS_MOVE = YES;
				CLANG_WARN_UNREACHABLE_CODE = YES;
				CLANG_WARN__DUPLICATE_METHOD_MATCH = YES;
				"CODE_SIGN_IDENTITY[sdk=iphoneos*]" = "iPhone Developer";
				COPY_PHASE_STRIP = NO;
				DEBUG_INFORMATION_FORMAT = "dwarf-with-dsym";
				ENABLE_NS_ASSERTIONS = NO;
				ENABLE_STRICT_OBJC_MSGSEND = YES;
				GCC_C_LANGUAGE_STANDARD = gnu99;
				GCC_NO_COMMON_BLOCKS = YES;
				GCC_WARN_64_TO_32_BIT_CONVERSION = YES;
				GCC_WARN_ABOUT_RETURN_TYPE = YES_ERROR;
				GCC_WARN_UNDECLARED_SELECTOR = YES;
				GCC_WARN_UNINITIALIZED_AUTOS = YES_AGGRESSIVE;
				GCC_WARN_UNUSED_FUNCTION = YES;
				GCC_WARN_UNUSED_VARIABLE = YES;
				IPHONEOS_DEPLOYMENT_TARGET = 10.2;
				MTL_ENABLE_DEBUG_INFO = NO;
				SDKROOT = iphoneos;
				TARGETED_DEVICE_FAMILY = "1,2";
				VALIDATE_PRODUCT = YES;
			};
			name = Release;
		};
		27CBB4E71E6F8E300026DD9C /* Debug */ = {
			isa = XCBuildConfiguration;
			buildSettings = {
				ASSETCATALOG_COMPILER_APPICON_NAME = AppIcon;
				DEVELOPMENT_TEAM = HWQF636ATC;
				INFOPLIST_FILE = "GCD的使用/Info.plist";
				LD_RUNPATH_SEARCH_PATHS = "$(inherited) @executable_path/Frameworks";
				PRODUCT_BUNDLE_IDENTIFIER = "com.Plan.GCD---";
				PRODUCT_NAME = "$(TARGET_NAME)";
			};
			name = Debug;
		};
		27CBB4E81E6F8E300026DD9C /* Release */ = {
			isa = XCBuildConfiguration;
			buildSettings = {
				ASSETCATALOG_COMPILER_APPICON_NAME = AppIcon;
				DEVELOPMENT_TEAM = HWQF636ATC;
				INFOPLIST_FILE = "GCD的使用/Info.plist";
				LD_RUNPATH_SEARCH_PATHS = "$(inherited) @executable_path/Frameworks";
				PRODUCT_BUNDLE_IDENTIFIER = "com.Plan.GCD---";
				PRODUCT_NAME = "$(TARGET_NAME)";
			};
			name = Release;
		};
		27CBB4EA1E6F8E300026DD9C /* Debug */ = {
			isa = XCBuildConfiguration;
			buildSettings = {
				BUNDLE_LOADER = "$(TEST_HOST)";
				DEVELOPMENT_TEAM = HWQF636ATC;
				INFOPLIST_FILE = "GCD的使用Tests/Info.plist";
				LD_RUNPATH_SEARCH_PATHS = "$(inherited) @executable_path/Frameworks @loader_path/Frameworks";
				PRODUCT_BUNDLE_IDENTIFIER = "com.Plan.GCD---Tests";
				PRODUCT_NAME = "$(TARGET_NAME)";
				TEST_HOST = "$(BUILT_PRODUCTS_DIR)/GCD的使用.app/GCD的使用";
			};
			name = Debug;
		};
		27CBB4EB1E6F8E300026DD9C /* Release */ = {
			isa = XCBuildConfiguration;
			buildSettings = {
				BUNDLE_LOADER = "$(TEST_HOST)";
				DEVELOPMENT_TEAM = HWQF636ATC;
				INFOPLIST_FILE = "GCD的使用Tests/Info.plist";
				LD_RUNPATH_SEARCH_PATHS = "$(inherited) @executable_path/Frameworks @loader_path/Frameworks";
				PRODUCT_BUNDLE_IDENTIFIER = "com.Plan.GCD---Tests";
				PRODUCT_NAME = "$(TARGET_NAME)";
				TEST_HOST = "$(BUILT_PRODUCTS_DIR)/GCD的使用.app/GCD的使用";
			};
			name = Release;
		};
		27CBB4ED1E6F8E300026DD9C /* Debug */ = {
			isa = XCBuildConfiguration;
			buildSettings = {
				DEVELOPMENT_TEAM = HWQF636ATC;
				INFOPLIST_FILE = "GCD的使用UITests/Info.plist";
				LD_RUNPATH_SEARCH_PATHS = "$(inherited) @executable_path/Frameworks @loader_path/Frameworks";
				PRODUCT_BUNDLE_IDENTIFIER = "com.Plan.GCD---UITests";
				PRODUCT_NAME = "$(TARGET_NAME)";
				TEST_TARGET_NAME = "GCD的使用";
			};
			name = Debug;
		};
		27CBB4EE1E6F8E300026DD9C /* Release */ = {
			isa = XCBuildConfiguration;
			buildSettings = {
				DEVELOPMENT_TEAM = HWQF636ATC;
				INFOPLIST_FILE = "GCD的使用UITests/Info.plist";
				LD_RUNPATH_SEARCH_PATHS = "$(inherited) @executable_path/Frameworks @loader_path/Frameworks";
				PRODUCT_BUNDLE_IDENTIFIER = "com.Plan.GCD---UITests";
				PRODUCT_NAME = "$(TARGET_NAME)";
				TEST_TARGET_NAME = "GCD的使用";
			};
			name = Release;
		};
/* End XCBuildConfiguration section */

/* Begin XCConfigurationList section */
		27CBB4B41E6F8E2F0026DD9C /* Build configuration list for PBXProject "GCD的使用" */ = {
			isa = XCConfigurationList;
			buildConfigurations = (
				27CBB4E41E6F8E300026DD9C /* Debug */,
				27CBB4E51E6F8E300026DD9C /* Release */,
			);
			defaultConfigurationIsVisible = 0;
			defaultConfigurationName = Release;
		};
		27CBB4E61E6F8E300026DD9C /* Build configuration list for PBXNativeTarget "GCD的使用" */ = {
			isa = XCConfigurationList;
			buildConfigurations = (
				27CBB4E71E6F8E300026DD9C /* Debug */,
				27CBB4E81E6F8E300026DD9C /* Release */,
			);
			defaultConfigurationIsVisible = 0;
		};
		27CBB4E91E6F8E300026DD9C /* Build configuration list for PBXNativeTarget "GCD的使用Tests" */ = {
			isa = XCConfigurationList;
			buildConfigurations = (
				27CBB4EA1E6F8E300026DD9C /* Debug */,
				27CBB4EB1E6F8E300026DD9C /* Release */,
			);
			defaultConfigurationIsVisible = 0;
		};
		27CBB4EC1E6F8E300026DD9C /* Build configuration list for PBXNativeTarget "GCD的使用UITests" */ = {
			isa = XCConfigurationList;
			buildConfigurations = (
				27CBB4ED1E6F8E300026DD9C /* Debug */,
				27CBB4EE1E6F8E300026DD9C /* Release */,
			);
			defaultConfigurationIsVisible = 0;
		};
/* End XCConfigurationList section */
	};
	rootObject = 27CBB4B11E6F8E2F0026DD9C /* Project object */;
}
